// !$*UTF8*$!
{
	archiveVersion = 1;
	classes = {
	};
	objectVersion = 46;
	objects = {

/* Begin PBXBuildFile section */
		1C019E9EF60BE4DB5C687AD9 /* libPods-TestRN.a in Frameworks */ = {isa = PBXBuildFile; fileRef = E8023CD1C3B345E6F2D9E2B8 /* libPods-TestRN.a */; };
		E160D87B1D9D3582004BE273 /* demo.txt in Resources */ = {isa = PBXBuildFile; fileRef = E160D87A1D9D3582004BE273 /* demo.txt */; };
		E186447F1D4F742A0092D2A6 /* main.m in Sources */ = {isa = PBXBuildFile; fileRef = E186447E1D4F742A0092D2A6 /* main.m */; };
		E18644821D4F742A0092D2A6 /* AppDelegate.m in Sources */ = {isa = PBXBuildFile; fileRef = E18644811D4F742A0092D2A6 /* AppDelegate.m */; };
		E18644851D4F742A0092D2A6 /* ViewController.m in Sources */ = {isa = PBXBuildFile; fileRef = E18644841D4F742A0092D2A6 /* ViewController.m */; };
		E18644881D4F742A0092D2A6 /* Main.storyboard in Resources */ = {isa = PBXBuildFile; fileRef = E18644861D4F742A0092D2A6 /* Main.storyboard */; };
		E186448A1D4F742A0092D2A6 /* Assets.xcassets in Resources */ = {isa = PBXBuildFile; fileRef = E18644891D4F742A0092D2A6 /* Assets.xcassets */; };
		E186448D1D4F742A0092D2A6 /* LaunchScreen.storyboard in Resources */ = {isa = PBXBuildFile; fileRef = E186448B1D4F742A0092D2A6 /* LaunchScreen.storyboard */; };
		E18644981D4F742A0092D2A6 /* TestRNTests.m in Sources */ = {isa = PBXBuildFile; fileRef = E18644971D4F742A0092D2A6 /* TestRNTests.m */; };
		E18644A31D4F742A0092D2A6 /* TestRNUITests.m in Sources */ = {isa = PBXBuildFile; fileRef = E18644A21D4F742A0092D2A6 /* TestRNUITests.m */; };
		E1FC6D601D98CB6D0002A575 /* listview.txt in Resources */ = {isa = PBXBuildFile; fileRef = E1FC6D5F1D98CB6D0002A575 /* listview.txt */; };
/* End PBXBuildFile section */

/* Begin PBXContainerItemProxy section */
		E18644941D4F742A0092D2A6 /* PBXContainerItemProxy */ = {
			isa = PBXContainerItemProxy;
			containerPortal = E18644721D4F74290092D2A6 /* Project object */;
			proxyType = 1;
			remoteGlobalIDString = E18644791D4F74290092D2A6;
			remoteInfo = TestRN;
		};
		E186449F1D4F742A0092D2A6 /* PBXContainerItemProxy */ = {
			isa = PBXContainerItemProxy;
			containerPortal = E18644721D4F74290092D2A6 /* Project object */;
			proxyType = 1;
			remoteGlobalIDString = E18644791D4F74290092D2A6;
			remoteInfo = TestRN;
		};
/* End PBXContainerItemProxy section */

/* Begin PBXFileReference section */
		86EA059F6477232B7E2C4B8D /* Pods-TestRN.debug.xcconfig */ = {isa = PBXFileReference; includeInIndex = 1; lastKnownFileType = text.xcconfig; name = "Pods-TestRN.debug.xcconfig"; path = "Pods/Target Support Files/Pods-TestRN/Pods-TestRN.debug.xcconfig"; sourceTree = "<group>"; };
		E160D87A1D9D3582004BE273 /* demo.txt */ = {isa = PBXFileReference; fileEncoding = 4; lastKnownFileType = text; path = demo.txt; sourceTree = "<group>"; };
		E186447A1D4F74290092D2A6 /* TestRN.app */ = {isa = PBXFileReference; explicitFileType = wrapper.application; includeInIndex = 0; path = TestRN.app; sourceTree = BUILT_PRODUCTS_DIR; };
		E186447E1D4F742A0092D2A6 /* main.m */ = {isa = PBXFileReference; lastKnownFileType = sourcecode.c.objc; path = main.m; sourceTree = "<group>"; };
		E18644801D4F742A0092D2A6 /* AppDelegate.h */ = {isa = PBXFileReference; lastKnownFileType = sourcecode.c.h; path = AppDelegate.h; sourceTree = "<group>"; };
		E18644811D4F742A0092D2A6 /* AppDelegate.m */ = {isa = PBXFileReference; lastKnownFileType = sourcecode.c.objc; path = AppDelegate.m; sourceTree = "<group>"; };
		E18644831D4F742A0092D2A6 /* ViewController.h */ = {isa = PBXFileReference; lastKnownFileType = sourcecode.c.h; path = ViewController.h; sourceTree = "<group>"; };
		E18644841D4F742A0092D2A6 /* ViewController.m */ = {isa = PBXFileReference; lastKnownFileType = sourcecode.c.objc; path = ViewController.m; sourceTree = "<group>"; };
		E18644871D4F742A0092D2A6 /* Base */ = {isa = PBXFileReference; lastKnownFileType = file.storyboard; name = Base; path = Base.lproj/Main.storyboard; sourceTree = "<group>"; };
		E18644891D4F742A0092D2A6 /* Assets.xcassets */ = {isa = PBXFileReference; lastKnownFileType = folder.assetcatalog; path = Assets.xcassets; sourceTree = "<group>"; };
		E186448C1D4F742A0092D2A6 /* Base */ = {isa = PBXFileReference; lastKnownFileType = file.storyboard; name = Base; path = Base.lproj/LaunchScreen.storyboard; sourceTree = "<group>"; };
		E186448E1D4F742A0092D2A6 /* Info.plist */ = {isa = PBXFileReference; lastKnownFileType = text.plist.xml; path = Info.plist; sourceTree = "<group>"; };
		E18644931D4F742A0092D2A6 /* TestRNTests.xctest */ = {isa = PBXFileReference; explicitFileType = wrapper.cfbundle; includeInIndex = 0; path = TestRNTests.xctest; sourceTree = BUILT_PRODUCTS_DIR; };
		E18644971D4F742A0092D2A6 /* TestRNTests.m */ = {isa = PBXFileReference; lastKnownFileType = sourcecode.c.objc; path = TestRNTests.m; sourceTree = "<group>"; };
		E18644991D4F742A0092D2A6 /* Info.plist */ = {isa = PBXFileReference; lastKnownFileType = text.plist.xml; path = Info.plist; sourceTree = "<group>"; };
		E186449E1D4F742A0092D2A6 /* TestRNUITests.xctest */ = {isa = PBXFileReference; explicitFileType = wrapper.cfbundle; includeInIndex = 0; path = TestRNUITests.xctest; sourceTree = BUILT_PRODUCTS_DIR; };
		E18644A21D4F742A0092D2A6 /* TestRNUITests.m */ = {isa = PBXFileReference; lastKnownFileType = sourcecode.c.objc; path = TestRNUITests.m; sourceTree = "<group>"; };
		E18644A41D4F742A0092D2A6 /* Info.plist */ = {isa = PBXFileReference; lastKnownFileType = text.plist.xml; path = Info.plist; sourceTree = "<group>"; };
		E1FC6D5F1D98CB6D0002A575 /* listview.txt */ = {isa = PBXFileReference; fileEncoding = 4; lastKnownFileType = text; path = listview.txt; sourceTree = "<group>"; };
		E8023CD1C3B345E6F2D9E2B8 /* libPods-TestRN.a */ = {isa = PBXFileReference; explicitFileType = archive.ar; includeInIndex = 0; path = "libPods-TestRN.a"; sourceTree = BUILT_PRODUCTS_DIR; };
		F74EC665F75318155EFB3C27 /* Pods-TestRN.release.xcconfig */ = {isa = PBXFileReference; includeInIndex = 1; lastKnownFileType = text.xcconfig; name = "Pods-TestRN.release.xcconfig"; path = "Pods/Target Support Files/Pods-TestRN/Pods-TestRN.release.xcconfig"; sourceTree = "<group>"; };
/* End PBXFileReference section */

/* Begin PBXFrameworksBuildPhase section */
		E18644771D4F74290092D2A6 /* Frameworks */ = {
			isa = PBXFrameworksBuildPhase;
			buildActionMask = 2147483647;
			files = (
				1C019E9EF60BE4DB5C687AD9 /* libPods-TestRN.a in Frameworks */,
			);
			runOnlyForDeploymentPostprocessing = 0;
		};
		E18644901D4F742A0092D2A6 /* Frameworks */ = {
			isa = PBXFrameworksBuildPhase;
			buildActionMask = 2147483647;
			files = (
			);
			runOnlyForDeploymentPostprocessing = 0;
		};
		E186449B1D4F742A0092D2A6 /* Frameworks */ = {
			isa = PBXFrameworksBuildPhase;
			buildActionMask = 2147483647;
			files = (
			);
			runOnlyForDeploymentPostprocessing = 0;
		};
/* End PBXFrameworksBuildPhase section */

/* Begin PBXGroup section */
		04793816297C18462FEE7C46 /* Pods */ = {
			isa = PBXGroup;
			children = (
				86EA059F6477232B7E2C4B8D /* Pods-TestRN.debug.xcconfig */,
				F74EC665F75318155EFB3C27 /* Pods-TestRN.release.xcconfig */,
			);
			name = Pods;
			sourceTree = "<group>";
		};
		4C27FB822149EF9444D8F1E2 /* Frameworks */ = {
			isa = PBXGroup;
			children = (
				E8023CD1C3B345E6F2D9E2B8 /* libPods-TestRN.a */,
			);
			name = Frameworks;
			sourceTree = "<group>";
		};
		E18644711D4F74290092D2A6 = {
			isa = PBXGroup;
			children = (
				E186447C1D4F742A0092D2A6 /* TestRN */,
				E18644961D4F742A0092D2A6 /* TestRNTests */,
				E18644A11D4F742A0092D2A6 /* TestRNUITests */,
				E186447B1D4F74290092D2A6 /* Products */,
				04793816297C18462FEE7C46 /* Pods */,
				4C27FB822149EF9444D8F1E2 /* Frameworks */,
			);
			sourceTree = "<group>";
		};
		E186447B1D4F74290092D2A6 /* Products */ = {
			isa = PBXGroup;
			children = (
				E186447A1D4F74290092D2A6 /* TestRN.app */,
				E18644931D4F742A0092D2A6 /* TestRNTests.xctest */,
				E186449E1D4F742A0092D2A6 /* TestRNUITests.xctest */,
			);
			name = Products;
			sourceTree = "<group>";
		};
		E186447C1D4F742A0092D2A6 /* TestRN */ = {
			isa = PBXGroup;
			children = (
				E160D87A1D9D3582004BE273 /* demo.txt */,
				E1FC6D5F1D98CB6D0002A575 /* listview.txt */,
				E18644801D4F742A0092D2A6 /* AppDelegate.h */,
				E18644811D4F742A0092D2A6 /* AppDelegate.m */,
				E18644831D4F742A0092D2A6 /* ViewController.h */,
				E18644841D4F742A0092D2A6 /* ViewController.m */,
				E18644861D4F742A0092D2A6 /* Main.storyboard */,
				E18644891D4F742A0092D2A6 /* Assets.xcassets */,
				E186448B1D4F742A0092D2A6 /* LaunchScreen.storyboard */,
				E186448E1D4F742A0092D2A6 /* Info.plist */,
				E186447D1D4F742A0092D2A6 /* Supporting Files */,
			);
			path = TestRN;
			sourceTree = "<group>";
		};
		E186447D1D4F742A0092D2A6 /* Supporting Files */ = {
			isa = PBXGroup;
			children = (
				E186447E1D4F742A0092D2A6 /* main.m */,
			);
			name = "Supporting Files";
			sourceTree = "<group>";
		};
		E18644961D4F742A0092D2A6 /* TestRNTests */ = {
			isa = PBXGroup;
			children = (
				E18644971D4F742A0092D2A6 /* TestRNTests.m */,
				E18644991D4F742A0092D2A6 /* Info.plist */,
			);
			path = TestRNTests;
			sourceTree = "<group>";
		};
		E18644A11D4F742A0092D2A6 /* TestRNUITests */ = {
			isa = PBXGroup;
			children = (
				E18644A21D4F742A0092D2A6 /* TestRNUITests.m */,
				E18644A41D4F742A0092D2A6 /* Info.plist */,
			);
			path = TestRNUITests;
			sourceTree = "<group>";
		};
/* End PBXGroup section */

/* Begin PBXNativeTarget section */
		E18644791D4F74290092D2A6 /* TestRN */ = {
			isa = PBXNativeTarget;
			buildConfigurationList = E18644A71D4F742A0092D2A6 /* Build configuration list for PBXNativeTarget "TestRN" */;
			buildPhases = (
				F43F4A6F6995E18E4BC142D0 /* [CP] Check Pods Manifest.lock */,
				E18644761D4F74290092D2A6 /* Sources */,
				E18644771D4F74290092D2A6 /* Frameworks */,
				E18644781D4F74290092D2A6 /* Resources */,
				2F1195ABED82E7A1C2AA08C8 /* [CP] Embed Pods Frameworks */,
				78C2DA5966BA28CDE3B7731B /* [CP] Copy Pods Resources */,
			);
			buildRules = (
			);
			dependencies = (
			);
			name = TestRN;
			productName = TestRN;
			productReference = E186447A1D4F74290092D2A6 /* TestRN.app */;
			productType = "com.apple.product-type.application";
		};
		E18644921D4F742A0092D2A6 /* TestRNTests */ = {
			isa = PBXNativeTarget;
			buildConfigurationList = E18644AA1D4F742A0092D2A6 /* Build configuration list for PBXNativeTarget "TestRNTests" */;
			buildPhases = (
				E186448F1D4F742A0092D2A6 /* Sources */,
				E18644901D4F742A0092D2A6 /* Frameworks */,
				E18644911D4F742A0092D2A6 /* Resources */,
			);
			buildRules = (
			);
			dependencies = (
				E18644951D4F742A0092D2A6 /* PBXTargetDependency */,
			);
			name = TestRNTests;
			productName = TestRNTests;
			productReference = E18644931D4F742A0092D2A6 /* TestRNTests.xctest */;
			productType = "com.apple.product-type.bundle.unit-test";
		};
		E186449D1D4F742A0092D2A6 /* TestRNUITests */ = {
			isa = PBXNativeTarget;
			buildConfigurationList = E18644AD1D4F742A0092D2A6 /* Build configuration list for PBXNativeTarget "TestRNUITests" */;
			buildPhases = (
				E186449A1D4F742A0092D2A6 /* Sources */,
				E186449B1D4F742A0092D2A6 /* Frameworks */,
				E186449C1D4F742A0092D2A6 /* Resources */,
			);
			buildRules = (
			);
			dependencies = (
				E18644A01D4F742A0092D2A6 /* PBXTargetDependency */,
			);
			name = TestRNUITests;
			productName = TestRNUITests;
			productReference = E186449E1D4F742A0092D2A6 /* TestRNUITests.xctest */;
			productType = "com.apple.product-type.bundle.ui-testing";
		};
/* End PBXNativeTarget section */

/* Begin PBXProject section */
		E18644721D4F74290092D2A6 /* Project object */ = {
			isa = PBXProject;
			attributes = {
				LastUpgradeCheck = 0730;
				ORGANIZATIONNAME = 58daojia;
				TargetAttributes = {
					E18644791D4F74290092D2A6 = {
						CreatedOnToolsVersion = 7.3;
						DevelopmentTeam = UMVJA3Q4S6;
					};
					E18644921D4F742A0092D2A6 = {
						CreatedOnToolsVersion = 7.3;
						TestTargetID = E18644791D4F74290092D2A6;
					};
					E186449D1D4F742A0092D2A6 = {
						CreatedOnToolsVersion = 7.3;
						TestTargetID = E18644791D4F74290092D2A6;
					};
				};
			};
			buildConfigurationList = E18644751D4F74290092D2A6 /* Build configuration list for PBXProject "TestRN" */;
			compatibilityVersion = "Xcode 3.2";
			developmentRegion = English;
			hasScannedForEncodings = 0;
			knownRegions = (
				en,
				Base,
			);
			mainGroup = E18644711D4F74290092D2A6;
			productRefGroup = E186447B1D4F74290092D2A6 /* Products */;
			projectDirPath = "";
			projectRoot = "";
			targets = (
				E18644791D4F74290092D2A6 /* TestRN */,
				E18644921D4F742A0092D2A6 /* TestRNTests */,
				E186449D1D4F742A0092D2A6 /* TestRNUITests */,
			);
		};
/* End PBXProject section */

/* Begin PBXResourcesBuildPhase section */
		E18644781D4F74290092D2A6 /* Resources */ = {
			isa = PBXResourcesBuildPhase;
			buildActionMask = 2147483647;
			files = (
				E186448D1D4F742A0092D2A6 /* LaunchScreen.storyboard in Resources */,
				E1FC6D601D98CB6D0002A575 /* listview.txt in Resources */,
				E186448A1D4F742A0092D2A6 /* Assets.xcassets in Resources */,
				E18644881D4F742A0092D2A6 /* Main.storyboard in Resources */,
				E160D87B1D9D3582004BE273 /* demo.txt in Resources */,
			);
			runOnlyForDeploymentPostprocessing = 0;
		};
		E18644911D4F742A0092D2A6 /* Resources */ = {
			isa = PBXResourcesBuildPhase;
			buildActionMask = 2147483647;
			files = (
			);
			runOnlyForDeploymentPostprocessing = 0;
		};
		E186449C1D4F742A0092D2A6 /* Resources */ = {
			isa = PBXResourcesBuildPhase;
			buildActionMask = 2147483647;
			files = (
			);
			runOnlyForDeploymentPostprocessing = 0;
		};
/* End PBXResourcesBuildPhase section */

/* Begin PBXShellScriptBuildPhase section */
		2F1195ABED82E7A1C2AA08C8 /* [CP] Embed Pods Frameworks */ = {
			isa = PBXShellScriptBuildPhase;
			buildActionMask = 2147483647;
			files = (
			);
			inputPaths = (
			);
			name = "[CP] Embed Pods Frameworks";
			outputPaths = (
			);
			runOnlyForDeploymentPostprocessing = 0;
			shellPath = /bin/sh;
			shellScript = "\"${SRCROOT}/Pods/Target Support Files/Pods-TestRN/Pods-TestRN-frameworks.sh\"\n";
			showEnvVarsInLog = 0;
		};
		78C2DA5966BA28CDE3B7731B /* [CP] Copy Pods Resources */ = {
			isa = PBXShellScriptBuildPhase;
			buildActionMask = 2147483647;
			files = (
			);
			inputPaths = (
			);
			name = "[CP] Copy Pods Resources";
			outputPaths = (
			);
			runOnlyForDeploymentPostprocessing = 0;
			shellPath = /bin/sh;
			shellScript = "\"${SRCROOT}/Pods/Target Support Files/Pods-TestRN/Pods-TestRN-resources.sh\"\n";
			showEnvVarsInLog = 0;
		};
		F43F4A6F6995E18E4BC142D0 /* [CP] Check Pods Manifest.lock */ = {
			isa = PBXShellScriptBuildPhase;
			buildActionMask = 2147483647;
			files = (
			);
			inputPaths = (
			);
			name = "[CP] Check Pods Manifest.lock";
			outputPaths = (
			);
			runOnlyForDeploymentPostprocessing = 0;
			shellPath = /bin/sh;
			shellScript = "diff \"${PODS_ROOT}/../Podfile.lock\" \"${PODS_ROOT}/Manifest.lock\" > /dev/null\nif [ $? != 0 ] ; then\n    # print error to STDERR\n    echo \"error: The sandbox is not in sync with the Podfile.lock. Run 'pod install' or update your CocoaPods installation.\" >&2\n    exit 1\nfi\n";
			showEnvVarsInLog = 0;
		};
/* End PBXShellScriptBuildPhase section */

/* Begin PBXSourcesBuildPhase section */
		E18644761D4F74290092D2A6 /* Sources */ = {
			isa = PBXSourcesBuildPhase;
			buildActionMask = 2147483647;
			files = (
				E18644851D4F742A0092D2A6 /* ViewController.m in Sources */,
				E18644821D4F742A0092D2A6 /* AppDelegate.m in Sources */,
				E186447F1D4F742A0092D2A6 /* main.m in Sources */,
			);
			runOnlyForDeploymentPostprocessing = 0;
		};
		E186448F1D4F742A0092D2A6 /* Sources */ = {
			isa = PBXSourcesBuildPhase;
			buildActionMask = 2147483647;
			files = (
				E18644981D4F742A0092D2A6 /* TestRNTests.m in Sources */,
			);
			runOnlyForDeploymentPostprocessing = 0;
		};
		E186449A1D4F742A0092D2A6 /* Sources */ = {
			isa = PBXSourcesBuildPhase;
			buildActionMask = 2147483647;
			files = (
				E18644A31D4F742A0092D2A6 /* TestRNUITests.m in Sources */,
			);
			runOnlyForDeploymentPostprocessing = 0;
		};
/* End PBXSourcesBuildPhase section */

/* Begin PBXTargetDependency section */
		E18644951D4F742A0092D2A6 /* PBXTargetDependency */ = {
			isa = PBXTargetDependency;
			target = E18644791D4F74290092D2A6 /* TestRN */;
			targetProxy = E18644941D4F742A0092D2A6 /* PBXContainerItemProxy */;
		};
		E18644A01D4F742A0092D2A6 /* PBXTargetDependency */ = {
			isa = PBXTargetDependency;
			target = E18644791D4F74290092D2A6 /* TestRN */;
			targetProxy = E186449F1D4F742A0092D2A6 /* PBXContainerItemProxy */;
		};
/* End PBXTargetDependency section */

/* Begin PBXVariantGroup section */
		E18644861D4F742A0092D2A6 /* Main.storyboard */ = {
			isa = PBXVariantGroup;
			children = (
				E18644871D4F742A0092D2A6 /* Base */,
			);
			name = Main.storyboard;
			sourceTree = "<group>";
		};
		E186448B1D4F742A0092D2A6 /* LaunchScreen.storyboard */ = {
			isa = PBXVariantGroup;
			children = (
				E186448C1D4F742A0092D2A6 /* Base */,
			);
			name = LaunchScreen.storyboard;
			sourceTree = "<group>";
		};
/* End PBXVariantGroup section */

/* Begin XCBuildConfiguration section */
		E18644A51D4F742A0092D2A6 /* Debug */ = {
			isa = XCBuildConfiguration;
			buildSettings = {
				ALWAYS_SEARCH_USER_PATHS = NO;
				CLANG_ANALYZER_NONNULL = YES;
				CLANG_CXX_LANGUAGE_STANDARD = "gnu++0x";
				CLANG_CXX_LIBRARY = "libc++";
				CLANG_ENABLE_MODULES = YES;
				CLANG_ENABLE_OBJC_ARC = YES;
				CLANG_WARN_BOOL_CONVERSION = YES;
				CLANG_WARN_CONSTANT_CONVERSION = YES;
				CLANG_WARN_DIRECT_OBJC_ISA_USAGE = YES_ERROR;
				CLANG_WARN_EMPTY_BODY = YES;
				CLANG_WARN_ENUM_CONVERSION = YES;
				CLANG_WARN_INT_CONVERSION = YES;
				CLANG_WARN_OBJC_ROOT_CLASS = YES_ERROR;
				CLANG_WARN_UNREACHABLE_CODE = YES;
				CLANG_WARN__DUPLICATE_METHOD_MATCH = YES;
				"CODE_SIGN_IDENTITY[sdk=iphoneos*]" = "iPhone Developer";
				COPY_PHASE_STRIP = NO;
				DEBUG_INFORMATION_FORMAT = dwarf;
				ENABLE_STRICT_OBJC_MSGSEND = YES;
				ENABLE_TESTABILITY = YES;
				GCC_C_LANGUAGE_STANDARD = gnu99;
				GCC_DYNAMIC_NO_PIC = NO;
				GCC_NO_COMMON_BLOCKS = YES;
				GCC_OPTIMIZATION_LEVEL = 0;
				GCC_PREPROCESSOR_DEFINITIONS = (
					"DEBUG=1",
					"$(inherited)",
				);
				GCC_WARN_64_TO_32_BIT_CONVERSION = YES;
				GCC_WARN_ABOUT_RETURN_TYPE = YES_ERROR;
				GCC_WARN_UNDECLARED_SELECTOR = YES;
				GCC_WARN_UNINITIALIZED_AUTOS = YES_AGGRESSIVE;
				GCC_WARN_UNUSED_FUNCTION = YES;
				GCC_WARN_UNUSED_VARIABLE = YES;
				IPHONEOS_DEPLOYMENT_TARGET = 9.3;
				MTL_ENABLE_DEBUG_INFO = YES;
				ONLY_ACTIVE_ARCH = YES;
				SDKROOT = iphoneos;
				TARGETED_DEVICE_FAMILY = "1,2";
			};
			name = Debug;
		};
		E18644A61D4F742A0092D2A6 /* Release */ = {
			isa = XCBuildConfiguration;
			buildSettings = {
				ALWAYS_SEARCH_USER_PATHS = NO;
				CLANG_ANALYZER_NONNULL = YES;
				CLANG_CXX_LANGUAGE_STANDARD = "gnu++0x";
				CLANG_CXX_LIBRARY = "libc++";
				CLANG_ENABLE_MODULES = YES;
				CLANG_ENABLE_OBJC_ARC = YES;
				CLANG_WARN_BOOL_CONVERSION = YES;
				CLANG_WARN_CONSTANT_CONVERSION = YES;
				CLANG_WARN_DIRECT_OBJC_ISA_USAGE = YES_ERROR;
				CLANG_WARN_EMPTY_BODY = YES;
				CLANG_WARN_ENUM_CONVERSION = YES;
				CLANG_WARN_INT_CONVERSION = YES;
				CLANG_WARN_OBJC_ROOT_CLASS = YES_ERROR;
				CLANG_WARN_UNREACHABLE_CODE = YES;
				CLANG_WARN__DUPLICATE_METHOD_MATCH = YES;
				"CODE_SIGN_IDENTITY[sdk=iphoneos*]" = "iPhone Developer";
				COPY_PHASE_STRIP = NO;
				DEBUG_INFORMATION_FORMAT = "dwarf-with-dsym";
				ENABLE_NS_ASSERTIONS = NO;
				ENABLE_STRICT_OBJC_MSGSEND = YES;
				GCC_C_LANGUAGE_STANDARD = gnu99;
				GCC_NO_COMMON_BLOCKS = YES;
				GCC_WARN_64_TO_32_BIT_CONVERSION = YES;
				GCC_WARN_ABOUT_RETURN_TYPE = YES_ERROR;
				GCC_WARN_UNDECLARED_SELECTOR = YES;
				GCC_WARN_UNINITIALIZED_AUTOS = YES_AGGRESSIVE;
				GCC_WARN_UNUSED_FUNCTION = YES;
				GCC_WARN_UNUSED_VARIABLE = YES;
				IPHONEOS_DEPLOYMENT_TARGET = 9.3;
				MTL_ENABLE_DEBUG_INFO = NO;
				SDKROOT = iphoneos;
				TARGETED_DEVICE_FAMILY = "1,2";
				VALIDATE_PRODUCT = YES;
			};
			name = Release;
		};
		E18644A81D4F742A0092D2A6 /* Debug */ = {
			isa = XCBuildConfiguration;
			baseConfigurationReference = 86EA059F6477232B7E2C4B8D /* Pods-TestRN.debug.xcconfig */;
			buildSettings = {
				ASSETCATALOG_COMPILER_APPICON_NAME = AppIcon;
				CODE_SIGN_IDENTITY = "iPhone Developer";
				"CODE_SIGN_IDENTITY[sdk=iphoneos*]" = "";
				INFOPLIST_FILE = TestRN/Info.plist;
				IPHONEOS_DEPLOYMENT_TARGET = 7.0;
				LD_RUNPATH_SEARCH_PATHS = "$(inherited) @executable_path/Frameworks";
				PRODUCT_BUNDLE_IDENTIFIER = com.daojia.hehuorentest;
				PRODUCT_NAME = "$(TARGET_NAME)";
				PROVISIONING_PROFILE = "e853cdc1-aa2a-4e71-9e96-f29d3dd09bb0";
			};
			name = Debug;
		};
		E18644A91D4F742A0092D2A6 /* Release */ = {
			isa = XCBuildConfiguration;
			baseConfigurationReference = F74EC665F75318155EFB3C27 /* Pods-TestRN.release.xcconfig */;
			buildSettings = {
				ASSETCATALOG_COMPILER_APPICON_NAME = AppIcon;
				CODE_SIGN_IDENTITY = "iPhone Developer";
				"CODE_SIGN_IDENTITY[sdk=iphoneos*]" = "";
				INFOPLIST_FILE = TestRN/Info.plist;
				IPHONEOS_DEPLOYMENT_TARGET = 7.0;
				LD_RUNPATH_SEARCH_PATHS = "$(inherited) @executable_path/Frameworks";
				PRODUCT_BUNDLE_IDENTIFIER = com.daojia.hehuorentest;
				PRODUCT_NAME = "$(TARGET_NAME)";
				PROVISIONING_PROFILE = "e853cdc1-aa2a-4e71-9e96-f29d3dd09bb0";
			};
			name = Release;
		};
		E18644AB1D4F742A0092D2A6 /* Debug */ = {
			isa = XCBuildConfiguration;
			buildSettings = {
				BUNDLE_LOADER = "$(TEST_HOST)";
				INFOPLIST_FILE = TestRNTests/Info.plist;
				LD_RUNPATH_SEARCH_PATHS = "$(inherited) @executable_path/Frameworks @loader_path/Frameworks";
				PRODUCT_BUNDLE_IDENTIFIER = daojia.TestRNTests;
				PRODUCT_NAME = "$(TARGET_NAME)";
				TEST_HOST = "$(BUILT_PRODUCTS_DIR)/TestRN.app/TestRN";
			};
			name = Debug;
		};
		E18644AC1D4F742A0092D2A6 /* Release */ = {
			isa = XCBuildConfiguration;
			buildSettings = {
				BUNDLE_LOADER = "$(TEST_HOST)";
				INFOPLIST_FILE = TestRNTests/Info.plist;
				LD_RUNPATH_SEARCH_PATHS = "$(inherited) @executable_path/Frameworks @loader_path/Frameworks";
				PRODUCT_BUNDLE_IDENTIFIER = daojia.TestRNTests;
				PRODUCT_NAME = "$(TARGET_NAME)";
				TEST_HOST = "$(BUILT_PRODUCTS_DIR)/TestRN.app/TestRN";
			};
			name = Release;
		};
		E18644AE1D4F742A0092D2A6 /* Debug */ = {
			isa = XCBuildConfiguration;
			buildSettings = {
				INFOPLIST_FILE = TestRNUITests/Info.plist;
				LD_RUNPATH_SEARCH_PATHS = "$(inherited) @executable_path/Frameworks @loader_path/Frameworks";
				PRODUCT_BUNDLE_IDENTIFIER = daojia.TestRNUITests;
				PRODUCT_NAME = "$(TARGET_NAME)";
				TEST_TARGET_NAME = TestRN;
			};
			name = Debug;
		};
		E18644AF1D4F742A0092D2A6 /* Release */ = {
			isa = XCBuildConfiguration;
			buildSettings = {
				INFOPLIST_FILE = TestRNUITests/Info.plist;
				LD_RUNPATH_SEARCH_PATHS = "$(inherited) @executable_path/Frameworks @loader_path/Frameworks";
				PRODUCT_BUNDLE_IDENTIFIER = daojia.TestRNUITests;
				PRODUCT_NAME = "$(TARGET_NAME)";
				TEST_TARGET_NAME = TestRN;
			};
			name = Release;
		};
/* End XCBuildConfiguration section */

/* Begin XCConfigurationList section */
		E18644751D4F74290092D2A6 /* Build configuration list for PBXProject "TestRN" */ = {
			isa = XCConfigurationList;
			buildConfigurations = (
				E18644A51D4F742A0092D2A6 /* Debug */,
				E18644A61D4F742A0092D2A6 /* Release */,
			);
			defaultConfigurationIsVisible = 0;
			defaultConfigurationName = Release;
		};
		E18644A71D4F742A0092D2A6 /* Build configuration list for PBXNativeTarget "TestRN" */ = {
			isa = XCConfigurationList;
			buildConfigurations = (
				E18644A81D4F742A0092D2A6 /* Debug */,
				E18644A91D4F742A0092D2A6 /* Release */,
			);
			defaultConfigurationIsVisible = 0;
			defaultConfigurationName = Release;
		};
		E18644AA1D4F742A0092D2A6 /* Build configuration list for PBXNativeTarget "TestRNTests" */ = {
			isa = XCConfigurationList;
			buildConfigurations = (
				E18644AB1D4F742A0092D2A6 /* Debug */,
				E18644AC1D4F742A0092D2A6 /* Release */,
			);
			defaultConfigurationIsVisible = 0;
			defaultConfigurationName = Release;
		};
		E18644AD1D4F742A0092D2A6 /* Build configuration list for PBXNativeTarget "TestRNUITests" */ = {
			isa = XCConfigurationList;
			buildConfigurations = (
				E18644AE1D4F742A0092D2A6 /* Debug */,
				E18644AF1D4F742A0092D2A6 /* Release */,
			);
			defaultConfigurationIsVisible = 0;
			defaultConfigurationName = Release;
		};
/* End XCConfigurationList section */
	};
	rootObject = E18644721D4F74290092D2A6 /* Project object */;
}
